
Microsoft Visual Studio Solution File, Format Version 12.00
# Visual Studio Version 17
VisualStudioVersion = 17.5.002.0
MinimumVisualStudioVersion = 10.0.40219.1
Project("{2150E333-8FDC-42A3-9474-1A3956D46DE8}") = "csharp-prep", "csharp-prep", "{C2B4F519-B692-4535-AB07-7897280D6CC5}"
EndProject
Project("{9A19103F-16F7-4668-BE54-9A1E7A4F7556}") = "Prep1", "csharp-prep\Prep1\Prep1.csproj", "{705CC818-8C7C-4D63-BDB3-ABED38D68B88}"
EndProject
Project("{9A19103F-16F7-4668-BE54-9A1E7A4F7556}") = "Prep2", "csharp-prep\Prep2\Prep2.csproj", "{24293DB7-85EF-46E6-8025-E9D649942FEB}"
EndProject
Project("{9A19103F-16F7-4668-BE54-9A1E7A4F7556}") = "Prep3", "csharp-prep\Prep3\Prep3.csproj", "{02BA3C4E-F00A-4C33-B4B2-D87D2FFB6CBF}"
EndProject
Project("{9A19103F-16F7-4668-BE54-9A1E7A4F7556}") = "Prep4", "csharp-prep\Prep4\Prep4.csproj", "{A10977EC-2755-497E-BE93-938FBA487BB5}"
EndProject
Project("{9A19103F-16F7-4668-BE54-9A1E7A4F7556}") = "Prep5", "csharp-prep\Prep5\Prep5.csproj", "{8EDC372B-D14D-4BF3-B608-3DCBFFD190A1}"
EndProject
Project("{2150E333-8FDC-42A3-9474-1A3956D46DE8}") = "final", "final", "{0F96632E-1402-4FB0-B522-53B78C96613C}"
EndProject
Project("{9A19103F-16F7-4668-BE54-9A1E7A4F7556}") = "FinalProject", "final\FinalProject\FinalProject.csproj", "{29E84C74-4A1B-4874-B079-AC1B0D877E5E}"
EndProject
Project("{9A19103F-16F7-4668-BE54-9A1E7A4F7556}") = "Foundation1", "final\Foundation1\Foundation1.csproj", "{44BD1BCE-6BD6-43B3-AEA5-EB8B4AF02A45}"
EndProject
Project("{9A19103F-16F7-4668-BE54-9A1E7A4F7556}") = "Foundation2", "final\Foundation2\Foundation2.csproj", "{41E01799-26A0-406F-9B30-BB042B399640}"
EndProject
Project("{9A19103F-16F7-4668-BE54-9A1E7A4F7556}") = "Foundation3", "final\Foundation3\Foundation3.csproj", "{95991F11-4BC2-4E96-ADB7-0252FE2DCF3F}"
EndProject
Project("{9A19103F-16F7-4668-BE54-9A1E7A4F7556}") = "Foundation4", "final\Foundation4\Foundation4.csproj", "{DA4C9978-FE53-4553-8BFA-E6B0F9707C6B}"
EndProject
Project("{2150E333-8FDC-42A3-9474-1A3956D46DE8}") = "prepare", "prepare", "{C3288C40-A67A-4B3B-BE5C-3544C306E2B0}"
EndProject
Project("{9A19103F-16F7-4668-BE54-9A1E7A4F7556}") = "Learning02", "prepare\Learning02\Learning02.csproj", "{D1B8D4CF-65C8-4541-BF04-82B0269C8215}"
EndProject
Project("{9A19103F-16F7-4668-BE54-9A1E7A4F7556}") = "Learning03", "prepare\Learning03\Learning03.csproj", "{D8817BAF-A9A3-4F95-AC4D-1A18F957E7E0}"
EndProject
Project("{9A19103F-16F7-4668-BE54-9A1E7A4F7556}") = "Learning04", "prepare\Learning04\Learning04.csproj", "{2169D925-BFA1-46AA-83D4-84C6A28C3789}"
EndProject
Project("{9A19103F-16F7-4668-BE54-9A1E7A4F7556}") = "Learning05", "prepare\Learning05\Learning05.csproj", "{BD6CEFB7-1DA5-4305-84DA-52093C479E60}"
EndProject
Project("{2150E333-8FDC-42A3-9474-1A3956D46DE8}") = "prove", "prove", "{64BC7D64-DD71-443A-898C-ECD6CABA3B27}"
EndProject
Project("{9A19103F-16F7-4668-BE54-9A1E7A4F7556}") = "Develop02", "prove\Develop02\Develop02.csproj", "{3FD9903A-6960-4D09-9D46-AB7FAA7D6732}"
EndProject
Project("{9A19103F-16F7-4668-BE54-9A1E7A4F7556}") = "Develop03", "prove\Develop03\Develop03.csproj", "{C8DE1593-D736-4AEE-92DD-5193138B277C}"
EndProject
Project("{9A19103F-16F7-4668-BE54-9A1E7A4F7556}") = "Develop04", "prove\Develop04\Develop04.csproj", "{2F25A271-DB6D-49D0-82D1-F8D221393F2B}"
EndProject
Project("{9A19103F-16F7-4668-BE54-9A1E7A4F7556}") = "Develop05", "prove\Develop05\Develop05.csproj", "{A86D14CA-91CF-4E77-8DE7-F7EAD279352B}"
EndProject
Project("{2150E333-8FDC-42A3-9474-1A3956D46DE8}") = "sandbox", "sandbox", "{732A6BFA-730B-4928-9972-C05DD948CE4A}"
EndProject
Project("{9A19103F-16F7-4668-BE54-9A1E7A4F7556}") = "Sandbox", "sandbox\Sandbox\Sandbox.csproj", "{29CFE9F1-6B2B-4732-9739-A693A994E271}"
EndProject
Global
	GlobalSection(SolutionConfigurationPlatforms) = preSolution
		Debug|Any CPU = Debug|Any CPU
		Release|Any CPU = Release|Any CPU
	EndGlobalSection
	GlobalSection(ProjectConfigurationPlatforms) = postSolution
		{705CC818-8C7C-4D63-BDB3-ABED38D68B88}.Debug|Any CPU.ActiveCfg = Debug|Any CPU
		{705CC818-8C7C-4D63-BDB3-ABED38D68B88}.Debug|Any CPU.Build.0 = Debug|Any CPU
		{705CC818-8C7C-4D63-BDB3-ABED38D68B88}.Release|Any CPU.ActiveCfg = Release|Any CPU
		{705CC818-8C7C-4D63-BDB3-ABED38D68B88}.Release|Any CPU.Build.0 = Release|Any CPU
		{24293DB7-85EF-46E6-8025-E9D649942FEB}.Debug|Any CPU.ActiveCfg = Debug|Any CPU
		{24293DB7-85EF-46E6-8025-E9D649942FEB}.Debug|Any CPU.Build.0 = Debug|Any CPU
		{24293DB7-85EF-46E6-8025-E9D649942FEB}.Release|Any CPU.ActiveCfg = Release|Any CPU
		{24293DB7-85EF-46E6-8025-E9D649942FEB}.Release|Any CPU.Build.0 = Release|Any CPU
		{02BA3C4E-F00A-4C33-B4B2-D87D2FFB6CBF}.Debug|Any CPU.ActiveCfg = Debug|Any CPU
		{02BA3C4E-F00A-4C33-B4B2-D87D2FFB6CBF}.Debug|Any CPU.Build.0 = Debug|Any CPU
		{02BA3C4E-F00A-4C33-B4B2-D87D2FFB6CBF}.Release|Any CPU.ActiveCfg = Release|Any CPU
		{02BA3C4E-F00A-4C33-B4B2-D87D2FFB6CBF}.Release|Any CPU.Build.0 = Release|Any CPU
		{A10977EC-2755-497E-BE93-938FBA487BB5}.Debug|Any CPU.ActiveCfg = Debug|Any CPU
		{A10977EC-2755-497E-BE93-938FBA487BB5}.Debug|Any CPU.Build.0 = Debug|Any CPU
		{A10977EC-2755-497E-BE93-938FBA487BB5}.Release|Any CPU.ActiveCfg = Release|Any CPU
		{A10977EC-2755-497E-BE93-938FBA487BB5}.Release|Any CPU.Build.0 = Release|Any CPU
		{8EDC372B-D14D-4BF3-B608-3DCBFFD190A1}.Debug|Any CPU.ActiveCfg = Debug|Any CPU
		{8EDC372B-D14D-4BF3-B608-3DCBFFD190A1}.Debug|Any CPU.Build.0 = Debug|Any CPU
		{8EDC372B-D14D-4BF3-B608-3DCBFFD190A1}.Release|Any CPU.ActiveCfg = Release|Any CPU
		{8EDC372B-D14D-4BF3-B608-3DCBFFD190A1}.Release|Any CPU.Build.0 = Release|Any CPU
		{29E84C74-4A1B-4874-B079-AC1B0D877E5E}.Debug|Any CPU.ActiveCfg = Debug|Any CPU
		{29E84C74-4A1B-4874-B079-AC1B0D877E5E}.Debug|Any CPU.Build.0 = Debug|Any CPU
		{29E84C74-4A1B-4874-B079-AC1B0D877E5E}.Release|Any CPU.ActiveCfg = Release|Any CPU
		{29E84C74-4A1B-4874-B079-AC1B0D877E5E}.Release|Any CPU.Build.0 = Release|Any CPU
		{44BD1BCE-6BD6-43B3-AEA5-EB8B4AF02A45}.Debug|Any CPU.ActiveCfg = Debug|Any CPU
		{44BD1BCE-6BD6-43B3-AEA5-EB8B4AF02A45}.Debug|Any CPU.Build.0 = Debug|Any CPU
		{44BD1BCE-6BD6-43B3-AEA5-EB8B4AF02A45}.Release|Any CPU.ActiveCfg = Release|Any CPU
		{44BD1BCE-6BD6-43B3-AEA5-EB8B4AF02A45}.Release|Any CPU.Build.0 = Release|Any CPU
		{41E01799-26A0-406F-9B30-BB042B399640}.Debug|Any CPU.ActiveCfg = Debug|Any CPU
		{41E01799-26A0-406F-9B30-BB042B399640}.Debug|Any CPU.Build.0 = Debug|Any CPU
		{41E01799-26A0-406F-9B30-BB042B399640}.Release|Any CPU.ActiveCfg = Release|Any CPU
		{41E01799-26A0-406F-9B30-BB042B399640}.Release|Any CPU.Build.0 = Release|Any CPU
		{95991F11-4BC2-4E96-ADB7-0252FE2DCF3F}.Debug|Any CPU.ActiveCfg = Debug|Any CPU
		{95991F11-4BC2-4E96-ADB7-0252FE2DCF3F}.Debug|Any CPU.Build.0 = Debug|Any CPU
		{95991F11-4BC2-4E96-ADB7-0252FE2DCF3F}.Release|Any CPU.ActiveCfg = Release|Any CPU
		{95991F11-4BC2-4E96-ADB7-0252FE2DCF3F}.Release|Any CPU.Build.0 = Release|Any CPU
		{DA4C9978-FE53-4553-8BFA-E6B0F9707C6B}.Debug|Any CPU.ActiveCfg = Debug|Any CPU
		{DA4C9978-FE53-4553-8BFA-E6B0F9707C6B}.Debug|Any CPU.Build.0 = Debug|Any CPU
		{DA4C9978-FE53-4553-8BFA-E6B0F9707C6B}.Release|Any CPU.ActiveCfg = Release|Any CPU
		{DA4C9978-FE53-4553-8BFA-E6B0F9707C6B}.Release|Any CPU.Build.0 = Release|Any CPU
		{D1B8D4CF-65C8-4541-BF04-82B0269C8215}.Debug|Any CPU.ActiveCfg = Debug|Any CPU
		{D1B8D4CF-65C8-4541-BF04-82B0269C8215}.Debug|Any CPU.Build.0 = Debug|Any CPU
		{D1B8D4CF-65C8-4541-BF04-82B0269C8215}.Release|Any CPU.ActiveCfg = Release|Any CPU
		{D1B8D4CF-65C8-4541-BF04-82B0269C8215}.Release|Any CPU.Build.0 = Release|Any CPU
		{D8817BAF-A9A3-4F95-AC4D-1A18F957E7E0}.Debug|Any CPU.ActiveCfg = Debug|Any CPU
		{D8817BAF-A9A3-4F95-AC4D-1A18F957E7E0}.Debug|Any CPU.Build.0 = Debug|Any CPU
		{D8817BAF-A9A3-4F95-AC4D-1A18F957E7E0}.Release|Any CPU.ActiveCfg = Release|Any CPU
		{D8817BAF-A9A3-4F95-AC4D-1A18F957E7E0}.Release|Any CPU.Build.0 = Release|Any CPU
		{2169D925-BFA1-46AA-83D4-84C6A28C3789}.Debug|Any CPU.ActiveCfg = Debug|Any CPU
		{2169D925-BFA1-46AA-83D4-84C6A28C3789}.Debug|Any CPU.Build.0 = Debug|Any CPU
		{2169D925-BFA1-46AA-83D4-84C6A28C3789}.Release|Any CPU.ActiveCfg = Release|Any CPU
		{2169D925-BFA1-46AA-83D4-84C6A28C3789}.Release|Any CPU.Build.0 = Release|Any CPU
		{BD6CEFB7-1DA5-4305-84DA-52093C479E60}.Debug|Any CPU.ActiveCfg = Debug|Any CPU
		{BD6CEFB7-1DA5-4305-84DA-52093C479E60}.Debug|Any CPU.Build.0 = Debug|Any CPU
		{BD6CEFB7-1DA5-4305-84DA-52093C479E60}.Release|Any CPU.ActiveCfg = Release|Any CPU
		{BD6CEFB7-1DA5-4305-84DA-52093C479E60}.Release|Any CPU.Build.0 = Release|Any CPU
		{3FD9903A-6960-4D09-9D46-AB7FAA7D6732}.Debug|Any CPU.ActiveCfg = Debug|Any CPU
		{3FD9903A-6960-4D09-9D46-AB7FAA7D6732}.Debug|Any CPU.Build.0 = Debug|Any CPU
		{3FD9903A-6960-4D09-9D46-AB7FAA7D6732}.Release|Any CPU.ActiveCfg = Release|Any CPU
		{3FD9903A-6960-4D09-9D46-AB7FAA7D6732}.Release|Any CPU.Build.0 = Release|Any CPU
		{C8DE1593-D736-4AEE-92DD-5193138B277C}.Debug|Any CPU.ActiveCfg = Debug|Any CPU
		{C8DE1593-D736-4AEE-92DD-5193138B277C}.Debug|Any CPU.Build.0 = Debug|Any CPU
		{C8DE1593-D736-4AEE-92DD-5193138B277C}.Release|Any CPU.ActiveCfg = Release|Any CPU
		{C8DE1593-D736-4AEE-92DD-5193138B277C}.Release|Any CPU.Build.0 = Release|Any CPU
		{2F25A271-DB6D-49D0-82D1-F8D221393F2B}.Debug|Any CPU.ActiveCfg = Debug|Any CPU
		{2F25A271-DB6D-49D0-82D1-F8D221393F2B}.Debug|Any CPU.Build.0 = Debug|Any CPU
		{2F25A271-DB6D-49D0-82D1-F8D221393F2B}.Release|Any CPU.ActiveCfg = Release|Any CPU
		{2F25A271-DB6D-49D0-82D1-F8D221393F2B}.Release|Any CPU.Build.0 = Release|Any CPU
		{A86D14CA-91CF-4E77-8DE7-F7EAD279352B}.Debug|Any CPU.ActiveCfg = Debug|Any CPU
		{A86D14CA-91CF-4E77-8DE7-F7EAD279352B}.Debug|Any CPU.Build.0 = Debug|Any CPU
		{A86D14CA-91CF-4E77-8DE7-F7EAD279352B}.Release|Any CPU.ActiveCfg = Release|Any CPU
		{A86D14CA-91CF-4E77-8DE7-F7EAD279352B}.Release|Any CPU.Build.0 = Release|Any CPU
		{29CFE9F1-6B2B-4732-9739-A693A994E271}.Debug|Any CPU.ActiveCfg = Debug|Any CPU
		{29CFE9F1-6B2B-4732-9739-A693A994E271}.Debug|Any CPU.Build.0 = Debug|Any CPU
		{29CFE9F1-6B2B-4732-9739-A693A994E271}.Release|Any CPU.ActiveCfg = Release|Any CPU
		{29CFE9F1-6B2B-4732-9739-A693A994E271}.Release|Any CPU.Build.0 = Release|Any CPU
	EndGlobalSection
	GlobalSection(SolutionProperties) = preSolution
		HideSolutionNode = FALSE
	EndGlobalSection
	GlobalSection(NestedProjects) = preSolution
		{705CC818-8C7C-4D63-BDB3-ABED38D68B88} = {C2B4F519-B692-4535-AB07-7897280D6CC5}
		{24293DB7-85EF-46E6-8025-E9D649942FEB} = {C2B4F519-B692-4535-AB07-7897280D6CC5}
		{02BA3C4E-F00A-4C33-B4B2-D87D2FFB6CBF} = {C2B4F519-B692-4535-AB07-7897280D6CC5}
		{A10977EC-2755-497E-BE93-938FBA487BB5} = {C2B4F519-B692-4535-AB07-7897280D6CC5}
		{8EDC372B-D14D-4BF3-B608-3DCBFFD190A1} = {C2B4F519-B692-4535-AB07-7897280D6CC5}
		{29E84C74-4A1B-4874-B079-AC1B0D877E5E} = {0F96632E-1402-4FB0-B522-53B78C96613C}
		{44BD1BCE-6BD6-43B3-AEA5-EB8B4AF02A45} = {0F96632E-1402-4FB0-B522-53B78C96613C}
		{41E01799-26A0-406F-9B30-BB042B399640} = {0F96632E-1402-4FB0-B522-53B78C96613C}
		{95991F11-4BC2-4E96-ADB7-0252FE2DCF3F} = {0F96632E-1402-4FB0-B522-53B78C96613C}
		{DA4C9978-FE53-4553-8BFA-E6B0F9707C6B} = {0F96632E-1402-4FB0-B522-53B78C96613C}
		{D1B8D4CF-65C8-4541-BF04-82B0269C8215} = {C3288C40-A67A-4B3B-BE5C-3544C306E2B0}
		{D8817BAF-A9A3-4F95-AC4D-1A18F957E7E0} = {C3288C40-A67A-4B3B-BE5C-3544C306E2B0}
		{2169D925-BFA1-46AA-83D4-84C6A28C3789} = {C3288C40-A67A-4B3B-BE5C-3544C306E2B0}
		{BD6CEFB7-1DA5-4305-84DA-52093C479E60} = {C3288C40-A67A-4B3B-BE5C-3544C306E2B0}
		{3FD9903A-6960-4D09-9D46-AB7FAA7D6732} = {64BC7D64-DD71-443A-898C-ECD6CABA3B27}
		{C8DE1593-D736-4AEE-92DD-5193138B277C} = {64BC7D64-DD71-443A-898C-ECD6CABA3B27}
		{2F25A271-DB6D-49D0-82D1-F8D221393F2B} = {64BC7D64-DD71-443A-898C-ECD6CABA3B27}
		{A86D14CA-91CF-4E77-8DE7-F7EAD279352B} = {64BC7D64-DD71-443A-898C-ECD6CABA3B27}
		{29CFE9F1-6B2B-4732-9739-A693A994E271} = {732A6BFA-730B-4928-9972-C05DD948CE4A}
	EndGlobalSection
	GlobalSection(ExtensibilityGlobals) = postSolution
		SolutionGuid = {C0B3513F-7F64-475F-BD32-F05BC0B3D705}
	EndGlobalSection
EndGlobal
